// !$*UTF8*$!
{
	archiveVersion = 1;
	classes = {
	};
	objectVersion = 48;
	objects = {

/* Begin PBXBuildFile section */
		C6085AF3200FC4DF00659EB3 /* AppDelegate.swift in Sources */ = {isa = PBXBuildFile; fileRef = C6085AF2200FC4DF00659EB3 /* AppDelegate.swift */; };
		C6085AF5200FC4DF00659EB3 /* ViewController.swift in Sources */ = {isa = PBXBuildFile; fileRef = C6085AF4200FC4DF00659EB3 /* ViewController.swift */; };
		C6085AF8200FC4DF00659EB3 /* Main.storyboard in Resources */ = {isa = PBXBuildFile; fileRef = C6085AF6200FC4DF00659EB3 /* Main.storyboard */; };
		C6085AFB200FC4DF00659EB3 /* NotesApp.xcdatamodeld in Sources */ = {isa = PBXBuildFile; fileRef = C6085AF9200FC4DF00659EB3 /* NotesApp.xcdatamodeld */; };
		C6085AFD200FC4DF00659EB3 /* Assets.xcassets in Resources */ = {isa = PBXBuildFile; fileRef = C6085AFC200FC4DF00659EB3 /* Assets.xcassets */; };
		C6085B00200FC4DF00659EB3 /* LaunchScreen.storyboard in Resources */ = {isa = PBXBuildFile; fileRef = C6085AFE200FC4DF00659EB3 /* LaunchScreen.storyboard */; };
		C6085B0B200FC4E000659EB3 /* NotesAppTests.swift in Sources */ = {isa = PBXBuildFile; fileRef = C6085B0A200FC4E000659EB3 /* NotesAppTests.swift */; };
		C6085B16200FC4E000659EB3 /* NotesAppUITests.swift in Sources */ = {isa = PBXBuildFile; fileRef = C6085B15200FC4E000659EB3 /* NotesAppUITests.swift */; };
/* End PBXBuildFile section */

/* Begin PBXContainerItemProxy section */
		C6085B07200FC4DF00659EB3 /* PBXContainerItemProxy */ = {
			isa = PBXContainerItemProxy;
			containerPortal = C6085AE7200FC4DF00659EB3 /* Project object */;
			proxyType = 1;
			remoteGlobalIDString = C6085AEE200FC4DF00659EB3;
			remoteInfo = NotesApp;
		};
		C6085B12200FC4E000659EB3 /* PBXContainerItemProxy */ = {
			isa = PBXContainerItemProxy;
			containerPortal = C6085AE7200FC4DF00659EB3 /* Project object */;
			proxyType = 1;
			remoteGlobalIDString = C6085AEE200FC4DF00659EB3;
			remoteInfo = NotesApp;
		};
/* End PBXContainerItemProxy section */

/* Begin PBXFileReference section */
		C6085AEF200FC4DF00659EB3 /* NotesApp.app */ = {isa = PBXFileReference; explicitFileType = wrapper.application; includeInIndex = 0; path = NotesApp.app; sourceTree = BUILT_PRODUCTS_DIR; };
		C6085AF2200FC4DF00659EB3 /* AppDelegate.swift */ = {isa = PBXFileReference; lastKnownFileType = sourcecode.swift; path = AppDelegate.swift; sourceTree = "<group>"; };
		C6085AF4200FC4DF00659EB3 /* ViewController.swift */ = {isa = PBXFileReference; lastKnownFileType = sourcecode.swift; path = ViewController.swift; sourceTree = "<group>"; };
		C6085AF7200FC4DF00659EB3 /* Base */ = {isa = PBXFileReference; lastKnownFileType = file.storyboard; name = Base; path = Base.lproj/Main.storyboard; sourceTree = "<group>"; };
		C6085AFA200FC4DF00659EB3 /* NotesApp.xcdatamodel */ = {isa = PBXFileReference; lastKnownFileType = wrapper.xcdatamodel; path = NotesApp.xcdatamodel; sourceTree = "<group>"; };
		C6085AFC200FC4DF00659EB3 /* Assets.xcassets */ = {isa = PBXFileReference; lastKnownFileType = folder.assetcatalog; path = Assets.xcassets; sourceTree = "<group>"; };
		C6085AFF200FC4DF00659EB3 /* Base */ = {isa = PBXFileReference; lastKnownFileType = file.storyboard; name = Base; path = Base.lproj/LaunchScreen.storyboard; sourceTree = "<group>"; };
		C6085B01200FC4DF00659EB3 /* Info.plist */ = {isa = PBXFileReference; lastKnownFileType = text.plist.xml; path = Info.plist; sourceTree = "<group>"; };
		C6085B06200FC4DF00659EB3 /* NotesAppTests.xctest */ = {isa = PBXFileReference; explicitFileType = wrapper.cfbundle; includeInIndex = 0; path = NotesAppTests.xctest; sourceTree = BUILT_PRODUCTS_DIR; };
		C6085B0A200FC4E000659EB3 /* NotesAppTests.swift */ = {isa = PBXFileReference; lastKnownFileType = sourcecode.swift; path = NotesAppTests.swift; sourceTree = "<group>"; };
		C6085B0C200FC4E000659EB3 /* Info.plist */ = {isa = PBXFileReference; lastKnownFileType = text.plist.xml; path = Info.plist; sourceTree = "<group>"; };
		C6085B11200FC4E000659EB3 /* NotesAppUITests.xctest */ = {isa = PBXFileReference; explicitFileType = wrapper.cfbundle; includeInIndex = 0; path = NotesAppUITests.xctest; sourceTree = BUILT_PRODUCTS_DIR; };
		C6085B15200FC4E000659EB3 /* NotesAppUITests.swift */ = {isa = PBXFileReference; lastKnownFileType = sourcecode.swift; path = NotesAppUITests.swift; sourceTree = "<group>"; };
		C6085B17200FC4E000659EB3 /* Info.plist */ = {isa = PBXFileReference; lastKnownFileType = text.plist.xml; path = Info.plist; sourceTree = "<group>"; };
/* End PBXFileReference section */

/* Begin PBXFrameworksBuildPhase section */
		C6085AEC200FC4DF00659EB3 /* Frameworks */ = {
			isa = PBXFrameworksBuildPhase;
			buildActionMask = 2147483647;
			files = (
			);
			runOnlyForDeploymentPostprocessing = 0;
		};
		C6085B03200FC4DF00659EB3 /* Frameworks */ = {
			isa = PBXFrameworksBuildPhase;
			buildActionMask = 2147483647;
			files = (
			);
			runOnlyForDeploymentPostprocessing = 0;
		};
		C6085B0E200FC4E000659EB3 /* Frameworks */ = {
			isa = PBXFrameworksBuildPhase;
			buildActionMask = 2147483647;
			files = (
			);
			runOnlyForDeploymentPostprocessing = 0;
		};
/* End PBXFrameworksBuildPhase section */

/* Begin PBXGroup section */
		C6085AE6200FC4DF00659EB3 = {
			isa = PBXGroup;
			children = (
				C6085AF1200FC4DF00659EB3 /* NotesApp */,
				C6085B09200FC4DF00659EB3 /* NotesAppTests */,
				C6085B14200FC4E000659EB3 /* NotesAppUITests */,
				C6085AF0200FC4DF00659EB3 /* Products */,
			);
			sourceTree = "<group>";
		};
		C6085AF0200FC4DF00659EB3 /* Products */ = {
			isa = PBXGroup;
			children = (
				C6085AEF200FC4DF00659EB3 /* NotesApp.app */,
				C6085B06200FC4DF00659EB3 /* NotesAppTests.xctest */,
				C6085B11200FC4E000659EB3 /* NotesAppUITests.xctest */,
			);
			name = Products;
			sourceTree = "<group>";
		};
		C6085AF1200FC4DF00659EB3 /* NotesApp */ = {
			isa = PBXGroup;
			children = (
				C6085AF2200FC4DF00659EB3 /* AppDelegate.swift */,
				C6085AF4200FC4DF00659EB3 /* ViewController.swift */,
				C6085AF6200FC4DF00659EB3 /* Main.storyboard */,
				C6085AFC200FC4DF00659EB3 /* Assets.xcassets */,
				C6085AFE200FC4DF00659EB3 /* LaunchScreen.storyboard */,
				C6085B01200FC4DF00659EB3 /* Info.plist */,
				C6085AF9200FC4DF00659EB3 /* NotesApp.xcdatamodeld */,
			);
			path = NotesApp;
			sourceTree = "<group>";
		};
		C6085B09200FC4DF00659EB3 /* NotesAppTests */ = {
			isa = PBXGroup;
			children = (
				C6085B0A200FC4E000659EB3 /* NotesAppTests.swift */,
				C6085B0C200FC4E000659EB3 /* Info.plist */,
			);
			path = NotesAppTests;
			sourceTree = "<group>";
		};
		C6085B14200FC4E000659EB3 /* NotesAppUITests */ = {
			isa = PBXGroup;
			children = (
				C6085B15200FC4E000659EB3 /* NotesAppUITests.swift */,
				C6085B17200FC4E000659EB3 /* Info.plist */,
			);
			path = NotesAppUITests;
			sourceTree = "<group>";
		};
/* End PBXGroup section */

/* Begin PBXNativeTarget section */
		C6085AEE200FC4DF00659EB3 /* NotesApp */ = {
			isa = PBXNativeTarget;
			buildConfigurationList = C6085B1A200FC4E000659EB3 /* Build configuration list for PBXNativeTarget "NotesApp" */;
			buildPhases = (
				C6085AEB200FC4DF00659EB3 /* Sources */,
				C6085AEC200FC4DF00659EB3 /* Frameworks */,
				C6085AED200FC4DF00659EB3 /* Resources */,
			);
			buildRules = (
			);
			dependencies = (
			);
			name = NotesApp;
			productName = NotesApp;
			productReference = C6085AEF200FC4DF00659EB3 /* NotesApp.app */;
			productType = "com.apple.product-type.application";
		};
		C6085B05200FC4DF00659EB3 /* NotesAppTests */ = {
			isa = PBXNativeTarget;
			buildConfigurationList = C6085B1D200FC4E000659EB3 /* Build configuration list for PBXNativeTarget "NotesAppTests" */;
			buildPhases = (
				C6085B02200FC4DF00659EB3 /* Sources */,
				C6085B03200FC4DF00659EB3 /* Frameworks */,
				C6085B04200FC4DF00659EB3 /* Resources */,
			);
			buildRules = (
			);
			dependencies = (
				C6085B08200FC4DF00659EB3 /* PBXTargetDependency */,
			);
			name = NotesAppTests;
			productName = NotesAppTests;
			productReference = C6085B06200FC4DF00659EB3 /* NotesAppTests.xctest */;
			productType = "com.apple.product-type.bundle.unit-test";
		};
		C6085B10200FC4E000659EB3 /* NotesAppUITests */ = {
			isa = PBXNativeTarget;
			buildConfigurationList = C6085B20200FC4E000659EB3 /* Build configuration list for PBXNativeTarget "NotesAppUITests" */;
			buildPhases = (
				C6085B0D200FC4E000659EB3 /* Sources */,
				C6085B0E200FC4E000659EB3 /* Frameworks */,
				C6085B0F200FC4E000659EB3 /* Resources */,
			);
			buildRules = (
			);
			dependencies = (
				C6085B13200FC4E000659EB3 /* PBXTargetDependency */,
			);
			name = NotesAppUITests;
			productName = NotesAppUITests;
			productReference = C6085B11200FC4E000659EB3 /* NotesAppUITests.xctest */;
			productType = "com.apple.product-type.bundle.ui-testing";
		};
/* End PBXNativeTarget section */

/* Begin PBXProject section */
		C6085AE7200FC4DF00659EB3 /* Project object */ = {
			isa = PBXProject;
			attributes = {
				LastSwiftUpdateCheck = 0920;
				LastUpgradeCheck = 0920;
				ORGANIZATIONNAME = "Sean Goldsborough";
				TargetAttributes = {
					C6085AEE200FC4DF00659EB3 = {
						CreatedOnToolsVersion = 9.2;
						ProvisioningStyle = Automatic;
					};
					C6085B05200FC4DF00659EB3 = {
						CreatedOnToolsVersion = 9.2;
						ProvisioningStyle = Automatic;
						TestTargetID = C6085AEE200FC4DF00659EB3;
					};
					C6085B10200FC4E000659EB3 = {
						CreatedOnToolsVersion = 9.2;
						ProvisioningStyle = Automatic;
						TestTargetID = C6085AEE200FC4DF00659EB3;
					};
				};
			};
			buildConfigurationList = C6085AEA200FC4DF00659EB3 /* Build configuration list for PBXProject "NotesApp" */;
			compatibilityVersion = "Xcode 8.0";
			developmentRegion = en;
			hasScannedForEncodings = 0;
			knownRegions = (
				en,
				Base,
			);
			mainGroup = C6085AE6200FC4DF00659EB3;
			productRefGroup = C6085AF0200FC4DF00659EB3 /* Products */;
			projectDirPath = "";
			projectRoot = "";
			targets = (
				C6085AEE200FC4DF00659EB3 /* NotesApp */,
				C6085B05200FC4DF00659EB3 /* NotesAppTests */,
				C6085B10200FC4E000659EB3 /* NotesAppUITests */,
			);
		};
/* End PBXProject section */

/* Begin PBXResourcesBuildPhase section */
		C6085AED200FC4DF00659EB3 /* Resources */ = {
			isa = PBXResourcesBuildPhase;
			buildActionMask = 2147483647;
			files = (
				C6085B00200FC4DF00659EB3 /* LaunchScreen.storyboard in Resources */,
				C6085AFD200FC4DF00659EB3 /* Assets.xcassets in Resources */,
				C6085AF8200FC4DF00659EB3 /* Main.storyboard in Resources */,
			);
			runOnlyForDeploymentPostprocessing = 0;
		};
		C6085B04200FC4DF00659EB3 /* Resources */ = {
			isa = PBXResourcesBuildPhase;
			buildActionMask = 2147483647;
			files = (
			);
			runOnlyForDeploymentPostprocessing = 0;
		};
		C6085B0F200FC4E000659EB3 /* Resources */ = {
			isa = PBXResourcesBuildPhase;
			buildActionMask = 2147483647;
			files = (
			);
			runOnlyForDeploymentPostprocessing = 0;
		};
/* End PBXResourcesBuildPhase section */

/* Begin PBXSourcesBuildPhase section */
		C6085AEB200FC4DF00659EB3 /* Sources */ = {
			isa = PBXSourcesBuildPhase;
			buildActionMask = 2147483647;
			files = (
				C6085AFB200FC4DF00659EB3 /* NotesApp.xcdatamodeld in Sources */,
				C6085AF5200FC4DF00659EB3 /* ViewController.swift in Sources */,
				C6085AF3200FC4DF00659EB3 /* AppDelegate.swift in Sources */,
			);
			runOnlyForDeploymentPostprocessing = 0;
		};
		C6085B02200FC4DF00659EB3 /* Sources */ = {
			isa = PBXSourcesBuildPhase;
			buildActionMask = 2147483647;
			files = (
				C6085B0B200FC4E000659EB3 /* NotesAppTests.swift in Sources */,
			);
			runOnlyForDeploymentPostprocessing = 0;
		};
		C6085B0D200FC4E000659EB3 /* Sources */ = {
			isa = PBXSourcesBuildPhase;
			buildActionMask = 2147483647;
			files = (
				C6085B16200FC4E000659EB3 /* NotesAppUITests.swift in Sources */,
			);
			runOnlyForDeploymentPostprocessing = 0;
		};
/* End PBXSourcesBuildPhase section */

/* Begin PBXTargetDependency section */
		C6085B08200FC4DF00659EB3 /* PBXTargetDependency */ = {
			isa = PBXTargetDependency;
			target = C6085AEE200FC4DF00659EB3 /* NotesApp */;
			targetProxy = C6085B07200FC4DF00659EB3 /* PBXContainerItemProxy */;
		};
		C6085B13200FC4E000659EB3 /* PBXTargetDependency */ = {
			isa = PBXTargetDependency;
			target = C6085AEE200FC4DF00659EB3 /* NotesApp */;
			targetProxy = C6085B12200FC4E000659EB3 /* PBXContainerItemProxy */;
		};
/* End PBXTargetDependency section */

/* Begin PBXVariantGroup section */
		C6085AF6200FC4DF00659EB3 /* Main.storyboard */ = {
			isa = PBXVariantGroup;
			children = (
				C6085AF7200FC4DF00659EB3 /* Base */,
			);
			name = Main.storyboard;
			sourceTree = "<group>";
		};
		C6085AFE200FC4DF00659EB3 /* LaunchScreen.storyboard */ = {
			isa = PBXVariantGroup;
			children = (
				C6085AFF200FC4DF00659EB3 /* Base */,
			);
			name = LaunchScreen.storyboard;
			sourceTree = "<group>";
		};
/* End PBXVariantGroup section */

/* Begin XCBuildConfiguration section */
		C6085B18200FC4E000659EB3 /* Debug */ = {
			isa = XCBuildConfiguration;
			buildSettings = {
				ALWAYS_SEARCH_USER_PATHS = NO;
				CLANG_ANALYZER_NONNULL = YES;
				CLANG_ANALYZER_NUMBER_OBJECT_CONVERSION = YES_AGGRESSIVE;
				CLANG_CXX_LANGUAGE_STANDARD = "gnu++14";
				CLANG_CXX_LIBRARY = "libc++";
				CLANG_ENABLE_MODULES = YES;
				CLANG_ENABLE_OBJC_ARC = YES;
				CLANG_WARN_BLOCK_CAPTURE_AUTORELEASING = YES;
				CLANG_WARN_BOOL_CONVERSION = YES;
				CLANG_WARN_COMMA = YES;
				CLANG_WARN_CONSTANT_CONVERSION = YES;
				CLANG_WARN_DIRECT_OBJC_ISA_USAGE = YES_ERROR;
				CLANG_WARN_DOCUMENTATION_COMMENTS = YES;
				CLANG_WARN_EMPTY_BODY = YES;
				CLANG_WARN_ENUM_CONVERSION = YES;
				CLANG_WARN_INFINITE_RECURSION = YES;
				CLANG_WARN_INT_CONVERSION = YES;
				CLANG_WARN_NON_LITERAL_NULL_CONVERSION = YES;
				CLANG_WARN_OBJC_LITERAL_CONVERSION = YES;
				CLANG_WARN_OBJC_ROOT_CLASS = YES_ERROR;
				CLANG_WARN_RANGE_LOOP_ANALYSIS = YES;
				CLANG_WARN_STRICT_PROTOTYPES = YES;
				CLANG_WARN_SUSPICIOUS_MOVE = YES;
				CLANG_WARN_UNGUARDED_AVAILABILITY = YES_AGGRESSIVE;
				CLANG_WARN_UNREACHABLE_CODE = YES;
				CLANG_WARN__DUPLICATE_METHOD_MATCH = YES;
				CODE_SIGN_IDENTITY = "iPhone Developer";
				COPY_PHASE_STRIP = NO;
				DEBUG_INFORMATION_FORMAT = dwarf;
				ENABLE_STRICT_OBJC_MSGSEND = YES;
				ENABLE_TESTABILITY = YES;
				GCC_C_LANGUAGE_STANDARD = gnu11;
				GCC_DYNAMIC_NO_PIC = NO;
				GCC_NO_COMMON_BLOCKS = YES;
				GCC_OPTIMIZATION_LEVEL = 0;
				GCC_PREPROCESSOR_DEFINITIONS = (
					"DEBUG=1",
					"$(inherited)",
				);
				GCC_WARN_64_TO_32_BIT_CONVERSION = YES;
				GCC_WARN_ABOUT_RETURN_TYPE = YES_ERROR;
				GCC_WARN_UNDECLARED_SELECTOR = YES;
				GCC_WARN_UNINITIALIZED_AUTOS = YES_AGGRESSIVE;
				GCC_WARN_UNUSED_FUNCTION = YES;
				GCC_WARN_UNUSED_VARIABLE = YES;
				IPHONEOS_DEPLOYMENT_TARGET = 11.2;
				MTL_ENABLE_DEBUG_INFO = YES;
				ONLY_ACTIVE_ARCH = YES;
				SDKROOT = iphoneos;
				SWIFT_ACTIVE_COMPILATION_CONDITIONS = DEBUG;
				SWIFT_OPTIMIZATION_LEVEL = "-Onone";
			};
			name = Debug;
		};
		C6085B19200FC4E000659EB3 /* Release */ = {
			isa = XCBuildConfiguration;
			buildSettings = {
				ALWAYS_SEARCH_USER_PATHS = NO;
				CLANG_ANALYZER_NONNULL = YES;
				CLANG_ANALYZER_NUMBER_OBJECT_CONVERSION = YES_AGGRESSIVE;
				CLANG_CXX_LANGUAGE_STANDARD = "gnu++14";
				CLANG_CXX_LIBRARY = "libc++";
				CLANG_ENABLE_MODULES = YES;
				CLANG_ENABLE_OBJC_ARC = YES;
				CLANG_WARN_BLOCK_CAPTURE_AUTORELEASING = YES;
				CLANG_WARN_BOOL_CONVERSION = YES;
				CLANG_WARN_COMMA = YES;
				CLANG_WARN_CONSTANT_CONVERSION = YES;
				CLANG_WARN_DIRECT_OBJC_ISA_USAGE = YES_ERROR;
				CLANG_WARN_DOCUMENTATION_COMMENTS = YES;
				CLANG_WARN_EMPTY_BODY = YES;
				CLANG_WARN_ENUM_CONVERSION = YES;
				CLANG_WARN_INFINITE_RECURSION = YES;
				CLANG_WARN_INT_CONVERSION = YES;
				CLANG_WARN_NON_LITERAL_NULL_CONVERSION = YES;
				CLANG_WARN_OBJC_LITERAL_CONVERSION = YES;
				CLANG_WARN_OBJC_ROOT_CLASS = YES_ERROR;
				CLANG_WARN_RANGE_LOOP_ANALYSIS = YES;
				CLANG_WARN_STRICT_PROTOTYPES = YES;
				CLANG_WARN_SUSPICIOUS_MOVE = YES;
				CLANG_WARN_UNGUARDED_AVAILABILITY = YES_AGGRESSIVE;
				CLANG_WARN_UNREACHABLE_CODE = YES;
				CLANG_WARN__DUPLICATE_METHOD_MATCH = YES;
				CODE_SIGN_IDENTITY = "iPhone Developer";
				COPY_PHASE_STRIP = NO;
				DEBUG_INFORMATION_FORMAT = "dwarf-with-dsym";
				ENABLE_NS_ASSERTIONS = NO;
				ENABLE_STRICT_OBJC_MSGSEND = YES;
				GCC_C_LANGUAGE_STANDARD = gnu11;
				GCC_NO_COMMON_BLOCKS = YES;
				GCC_WARN_64_TO_32_BIT_CONVERSION = YES;
				GCC_WARN_ABOUT_RETURN_TYPE = YES_ERROR;
				GCC_WARN_UNDECLARED_SELECTOR = YES;
				GCC_WARN_UNINITIALIZED_AUTOS = YES_AGGRESSIVE;
				GCC_WARN_UNUSED_FUNCTION = YES;
				GCC_WARN_UNUSED_VARIABLE = YES;
				IPHONEOS_DEPLOYMENT_TARGET = 11.2;
				MTL_ENABLE_DEBUG_INFO = NO;
				SDKROOT = iphoneos;
				SWIFT_OPTIMIZATION_LEVEL = "-Owholemodule";
				VALIDATE_PRODUCT = YES;
			};
			name = Release;
		};
		C6085B1B200FC4E000659EB3 /* Debug */ = {
			isa = XCBuildConfiguration;
			buildSettings = {
				ASSETCATALOG_COMPILER_APPICON_NAME = AppIcon;
				CODE_SIGN_STYLE = Automatic;
				DEVELOPMENT_TEAM = 3NA78F3F7G;
				INFOPLIST_FILE = NotesApp/Info.plist;
				LD_RUNPATH_SEARCH_PATHS = "$(inherited) @executable_path/Frameworks";
				PRODUCT_BUNDLE_IDENTIFIER = com.sean.NotesApp;
				PRODUCT_NAME = "$(TARGET_NAME)";
				SWIFT_VERSION = 4.0;
				TARGETED_DEVICE_FAMILY = "1,2";
			};
			name = Debug;
		};
		C6085B1C200FC4E000659EB3 /* Release */ = {
			isa = XCBuildConfiguration;
			buildSettings = {
				ASSETCATALOG_COMPILER_APPICON_NAME = AppIcon;
				CODE_SIGN_STYLE = Automatic;
				DEVELOPMENT_TEAM = 3NA78F3F7G;
				INFOPLIST_FILE = NotesApp/Info.plist;
				LD_RUNPATH_SEARCH_PATHS = "$(inherited) @executable_path/Frameworks";
				PRODUCT_BUNDLE_IDENTIFIER = com.sean.NotesApp;
				PRODUCT_NAME = "$(TARGET_NAME)";
				SWIFT_VERSION = 4.0;
				TARGETED_DEVICE_FAMILY = "1,2";
			};
			name = Release;
		};
		C6085B1E200FC4E000659EB3 /* Debug */ = {
			isa = XCBuildConfiguration;
			buildSettings = {
				ALWAYS_EMBED_SWIFT_STANDARD_LIBRARIES = YES;
				BUNDLE_LOADER = "$(TEST_HOST)";
				CODE_SIGN_STYLE = Automatic;
				DEVELOPMENT_TEAM = 3NA78F3F7G;
				INFOPLIST_FILE = NotesAppTests/Info.plist;
				LD_RUNPATH_SEARCH_PATHS = "$(inherited) @executable_path/Frameworks @loader_path/Frameworks";
				PRODUCT_BUNDLE_IDENTIFIER = com.sean.NotesAppTests;
				PRODUCT_NAME = "$(TARGET_NAME)";
				SWIFT_VERSION = 4.0;
				TARGETED_DEVICE_FAMILY = "1,2";
				TEST_HOST = "$(BUILT_PRODUCTS_DIR)/NotesApp.app/NotesApp";
			};
			name = Debug;
		};
		C6085B1F200FC4E000659EB3 /* Release */ = {
			isa = XCBuildConfiguration;
			buildSettings = {
				ALWAYS_EMBED_SWIFT_STANDARD_LIBRARIES = YES;
				BUNDLE_LOADER = "$(TEST_HOST)";
				CODE_SIGN_STYLE = Automatic;
				DEVELOPMENT_TEAM = 3NA78F3F7G;
				INFOPLIST_FILE = NotesAppTests/Info.plist;
				LD_RUNPATH_SEARCH_PATHS = "$(inherited) @executable_path/Frameworks @loader_path/Frameworks";
				PRODUCT_BUNDLE_IDENTIFIER = com.sean.NotesAppTests;
				PRODUCT_NAME = "$(TARGET_NAME)";
				SWIFT_VERSION = 4.0;
				TARGETED_DEVICE_FAMILY = "1,2";
				TEST_HOST = "$(BUILT_PRODUCTS_DIR)/NotesApp.app/NotesApp";
			};
			name = Release;
		};
		C6085B21200FC4E000659EB3 /* Debug */ = {
			isa = XCBuildConfiguration;
			buildSettings = {
				ALWAYS_EMBED_SWIFT_STANDARD_LIBRARIES = YES;
				CODE_SIGN_STYLE = Automatic;
				DEVELOPMENT_TEAM = 3NA78F3F7G;
				INFOPLIST_FILE = NotesAppUITests/Info.plist;
				LD_RUNPATH_SEARCH_PATHS = "$(inherited) @executable_path/Frameworks @loader_path/Frameworks";
				PRODUCT_BUNDLE_IDENTIFIER = com.sean.NotesAppUITests;
				PRODUCT_NAME = "$(TARGET_NAME)";
				SWIFT_VERSION = 4.0;
				TARGETED_DEVICE_FAMILY = "1,2";
				TEST_TARGET_NAME = NotesApp;
			};
			name = Debug;
		};
		C6085B22200FC4E000659EB3 /* Release */ = {
			isa = XCBuildConfiguration;
			buildSettings = {
				ALWAYS_EMBED_SWIFT_STANDARD_LIBRARIES = YES;
				CODE_SIGN_STYLE = Automatic;
				DEVELOPMENT_TEAM = 3NA78F3F7G;
				INFOPLIST_FILE = NotesAppUITests/Info.plist;
				LD_RUNPATH_SEARCH_PATHS = "$(inherited) @executable_path/Frameworks @loader_path/Frameworks";
				PRODUCT_BUNDLE_IDENTIFIER = com.sean.NotesAppUITests;
				PRODUCT_NAME = "$(TARGET_NAME)";
				SWIFT_VERSION = 4.0;
				TARGETED_DEVICE_FAMILY = "1,2";
				TEST_TARGET_NAME = NotesApp;
			};
			name = Release;
		};
/* End XCBuildConfiguration section */

/* Begin XCConfigurationList section */
		C6085AEA200FC4DF00659EB3 /* Build configuration list for PBXProject "NotesApp" */ = {
			isa = XCConfigurationList;
			buildConfigurations = (
				C6085B18200FC4E000659EB3 /* Debug */,
				C6085B19200FC4E000659EB3 /* Release */,
			);
			defaultConfigurationIsVisible = 0;
			defaultConfigurationName = Release;
		};
		C6085B1A200FC4E000659EB3 /* Build configuration list for PBXNativeTarget "NotesApp" */ = {
			isa = XCConfigurationList;
			buildConfigurations = (
				C6085B1B200FC4E000659EB3 /* Debug */,
				C6085B1C200FC4E000659EB3 /* Release */,
			);
			defaultConfigurationIsVisible = 0;
			defaultConfigurationName = Release;
		};
		C6085B1D200FC4E000659EB3 /* Build configuration list for PBXNativeTarget "NotesAppTests" */ = {
			isa = XCConfigurationList;
			buildConfigurations = (
				C6085B1E200FC4E000659EB3 /* Debug */,
				C6085B1F200FC4E000659EB3 /* Release */,
			);
			defaultConfigurationIsVisible = 0;
			defaultConfigurationName = Release;
		};
		C6085B20200FC4E000659EB3 /* Build configuration list for PBXNativeTarget "NotesAppUITests" */ = {
			isa = XCConfigurationList;
			buildConfigurations = (
				C6085B21200FC4E000659EB3 /* Debug */,
				C6085B22200FC4E000659EB3 /* Release */,
			);
			defaultConfigurationIsVisible = 0;
			defaultConfigurationName = Release;
		};
/* End XCConfigurationList section */

/* Begin XCVersionGroup section */
		C6085AF9200FC4DF00659EB3 /* NotesApp.xcdatamodeld */ = {
			isa = XCVersionGroup;
			children = (
				C6085AFA200FC4DF00659EB3 /* NotesApp.xcdatamodel */,
			);
			currentVersion = C6085AFA200FC4DF00659EB3 /* NotesApp.xcdatamodel */;
			path = NotesApp.xcdatamodeld;
			sourceTree = "<group>";
			versionGroupType = wrapper.xcdatamodel;
		};
/* End XCVersionGroup section */
	};
	rootObject = C6085AE7200FC4DF00659EB3 /* Project object */;
}
